
Microsoft Visual Studio Solution File, Format Version 12.00
# Visual Studio Version 17
VisualStudioVersion = 17.9.34616.47
MinimumVisualStudioVersion = 10.0.40219.1
Project("{FAE04EC0-301F-11D3-BF4B-00C04F79EFBC}") = "webapp", "webapp\webapp.csproj", "{B7B803F3-C758-4A99-9EA2-177C93FDBAA2}"
EndProject
Global
	GlobalSection(SolutionConfigurationPlatforms) = preSolution
		Debug|Any CPU = Debug|Any CPU
		Release|Any CPU = Release|Any CPU
	EndGlobalSection
	GlobalSection(ProjectConfigurationPlatforms) = postSolution
		{B7B803F3-C758-4A99-9EA2-177C93FDBAA2}.Debug|Any CPU.ActiveCfg = Debug|Any CPU
		{B7B803F3-C758-4A99-9EA2-177C93FDBAA2}.Debug|Any CPU.Build.0 = Debug|Any CPU
		{B7B803F3-C758-4A99-9EA2-177C93FDBAA2}.Release|Any CPU.ActiveCfg = Release|Any CPU
		{B7B803F3-C758-4A99-9EA2-177C93FDBAA2}.Release|Any CPU.Build.0 = Release|Any CPU
	EndGlobalSection
	GlobalSection(SolutionProperties) = preSolution
		HideSolutionNode = FALSE
	EndGlobalSection
	GlobalSection(ExtensibilityGlobals) = postSolution
		SolutionGuid = {77867B03-5C1D-441F-81BC-0348B8BF8DB3}
	EndGlobalSection
EndGlobal
